
Microsoft Visual Studio Solution File, Format Version 12.00
# Visual Studio Version 17
VisualStudioVersion = 17.14.36127.28
MinimumVisualStudioVersion = 10.0.40219.1
Project("{FAE04EC0-301F-11D3-BF4B-00C04F79EFBC}") = "BlobPE", "BlobPE\BlobPE.csproj", "{6768E3D3-A0C9-4CF9-8733-37E2437EAEFD}"
EndProject
Global
	GlobalSection(SolutionConfigurationPlatforms) = preSolution
		Debug|Any CPU = Debug|Any CPU
		Release|Any CPU = Release|Any CPU
	EndGlobalSection
	GlobalSection(ProjectConfigurationPlatforms) = postSolution
		{6768E3D3-A0C9-4CF9-8733-37E2437EAEFD}.Debug|Any CPU.ActiveCfg = Debug|Any CPU
		{6768E3D3-A0C9-4CF9-8733-37E2437EAEFD}.Debug|Any CPU.Build.0 = Debug|Any CPU
		{6768E3D3-A0C9-4CF9-8733-37E2437EAEFD}.Release|Any CPU.ActiveCfg = Release|Any CPU
		{6768E3D3-A0C9-4CF9-8733-37E2437EAEFD}.Release|Any CPU.Build.0 = Release|Any CPU
	EndGlobalSection
	GlobalSection(SolutionProperties) = preSolution
		HideSolutionNode = FALSE
	EndGlobalSection
	GlobalSection(ExtensibilityGlobals) = postSolution
		SolutionGuid = {691D3427-0E5B-40AA-A999-95A38901D382}
	EndGlobalSection
EndGlobal
